
Microsoft Visual Studio Solution File, Format Version 12.00
# Visual Studio Version 17
VisualStudioVersion = 17.3.32929.385
MinimumVisualStudioVersion = 10.0.40219.1
Project("{FAE04EC0-301F-11D3-BF4B-00C04F79EFBC}") = "LogicalProgramming", "LogicalProgramming.csproj", "{F672E348-278D-4748-9FEF-EA97472400E4}"
EndProject
Global
	GlobalSection(SolutionConfigurationPlatforms) = preSolution
		Debug|Any CPU = Debug|Any CPU
		Release|Any CPU = Release|Any CPU
	EndGlobalSection
	GlobalSection(ProjectConfigurationPlatforms) = postSolution
		{F672E348-278D-4748-9FEF-EA97472400E4}.Debug|Any CPU.ActiveCfg = Debug|Any CPU
		{F672E348-278D-4748-9FEF-EA97472400E4}.Debug|Any CPU.Build.0 = Debug|Any CPU
		{F672E348-278D-4748-9FEF-EA97472400E4}.Release|Any CPU.ActiveCfg = Release|Any CPU
		{F672E348-278D-4748-9FEF-EA97472400E4}.Release|Any CPU.Build.0 = Release|Any CPU
	EndGlobalSection
	GlobalSection(SolutionProperties) = preSolution
		HideSolutionNode = FALSE
	EndGlobalSection
	GlobalSection(ExtensibilityGlobals) = postSolution
		SolutionGuid = {585B5A66-0276-4807-9D08-812F2EF2431E}
	EndGlobalSection
EndGlobal
